
Microsoft Visual Studio Solution File, Format Version 12.00
# Visual Studio 15
VisualStudioVersion = 15.0.28307.645
MinimumVisualStudioVersion = 10.0.40219.1
Project("{FAE04EC0-301F-11D3-BF4B-00C04F79EFBC}") = "Planilla", "Planilla\Planilla.csproj", "{327F5027-546A-4718-AB29-DD250EE00373}"
EndProject
Global
	GlobalSection(SolutionConfigurationPlatforms) = preSolution
		Debug|Any CPU = Debug|Any CPU
		Release|Any CPU = Release|Any CPU
	EndGlobalSection
	GlobalSection(ProjectConfigurationPlatforms) = postSolution
		{327F5027-546A-4718-AB29-DD250EE00373}.Debug|Any CPU.ActiveCfg = Debug|Any CPU
		{327F5027-546A-4718-AB29-DD250EE00373}.Debug|Any CPU.Build.0 = Debug|Any CPU
		{327F5027-546A-4718-AB29-DD250EE00373}.Release|Any CPU.ActiveCfg = Release|Any CPU
		{327F5027-546A-4718-AB29-DD250EE00373}.Release|Any CPU.Build.0 = Release|Any CPU
	EndGlobalSection
	GlobalSection(SolutionProperties) = preSolution
		HideSolutionNode = FALSE
	EndGlobalSection
	GlobalSection(ExtensibilityGlobals) = postSolution
		SolutionGuid = {003A01AD-A803-4760-A9D9-2ACEBDC7F242}
	EndGlobalSection
EndGlobal
